
Microsoft Visual Studio Solution File, Format Version 12.00
# Visual Studio 15
VisualStudioVersion = 15.0.28307.1145
MinimumVisualStudioVersion = 10.0.40219.1
Project("{FAE04EC0-301F-11D3-BF4B-00C04F79EFBC}") = "HookMouseForm", "HookMouseForm\HookMouseForm.csproj", "{449E25AB-7C14-4743-B4E9-5E78154E1057}"
EndProject
Project("{FAE04EC0-301F-11D3-BF4B-00C04F79EFBC}") = "Hook", "Hook\Hook.csproj", "{4DD1C284-4B80-4CEA-A0AA-7405B8848A65}"
EndProject
Global
	GlobalSection(SolutionConfigurationPlatforms) = preSolution
		Debug|Any CPU = Debug|Any CPU
		Release|Any CPU = Release|Any CPU
	EndGlobalSection
	GlobalSection(ProjectConfigurationPlatforms) = postSolution
		{449E25AB-7C14-4743-B4E9-5E78154E1057}.Debug|Any CPU.ActiveCfg = Debug|Any CPU
		{449E25AB-7C14-4743-B4E9-5E78154E1057}.Debug|Any CPU.Build.0 = Debug|Any CPU
		{449E25AB-7C14-4743-B4E9-5E78154E1057}.Release|Any CPU.ActiveCfg = Release|Any CPU
		{449E25AB-7C14-4743-B4E9-5E78154E1057}.Release|Any CPU.Build.0 = Release|Any CPU
		{4DD1C284-4B80-4CEA-A0AA-7405B8848A65}.Debug|Any CPU.ActiveCfg = Debug|Any CPU
		{4DD1C284-4B80-4CEA-A0AA-7405B8848A65}.Debug|Any CPU.Build.0 = Debug|Any CPU
		{4DD1C284-4B80-4CEA-A0AA-7405B8848A65}.Release|Any CPU.ActiveCfg = Release|Any CPU
		{4DD1C284-4B80-4CEA-A0AA-7405B8848A65}.Release|Any CPU.Build.0 = Release|Any CPU
	EndGlobalSection
	GlobalSection(SolutionProperties) = preSolution
		HideSolutionNode = FALSE
	EndGlobalSection
	GlobalSection(ExtensibilityGlobals) = postSolution
		SolutionGuid = {5EE9F5F9-2887-46F5-A64A-C764C66F31A6}
	EndGlobalSection
EndGlobal
